
Microsoft Visual Studio Solution File, Format Version 12.00
# Visual Studio Version 17
VisualStudioVersion = 17.14.36623.8
MinimumVisualStudioVersion = 10.0.40219.1
Project("{FAE04EC0-301F-11D3-BF4B-00C04F79EFBC}") = "ACO_Optimizer", "ACO_Optimizer.csproj", "{0A41A585-260D-49E6-BB58-A09508283866}"
EndProject
Global
	GlobalSection(SolutionConfigurationPlatforms) = preSolution
		Debug|Any CPU = Debug|Any CPU
		Release|Any CPU = Release|Any CPU
	EndGlobalSection
	GlobalSection(ProjectConfigurationPlatforms) = postSolution
		{0A41A585-260D-49E6-BB58-A09508283866}.Debug|Any CPU.ActiveCfg = Debug|Any CPU
		{0A41A585-260D-49E6-BB58-A09508283866}.Debug|Any CPU.Build.0 = Debug|Any CPU
		{0A41A585-260D-49E6-BB58-A09508283866}.Release|Any CPU.ActiveCfg = Release|Any CPU
		{0A41A585-260D-49E6-BB58-A09508283866}.Release|Any CPU.Build.0 = Release|Any CPU
	EndGlobalSection
	GlobalSection(SolutionProperties) = preSolution
		HideSolutionNode = FALSE
	EndGlobalSection
	GlobalSection(ExtensibilityGlobals) = postSolution
		SolutionGuid = {C9065F7B-FE2B-4553-953B-B9D9B91831E9}
	EndGlobalSection
EndGlobal
